{
  "pins" : [
    {
      "identity" : "rippleview",
      "kind" : "remoteSourceControl",
      "location" : "https://github.com/emmanuelkehinde/RippleView.git",
      "state" : {
        "revision" : "8a83d51b668086b4fd9807e842261d304df6f54e",
        "version" : "1.0.2"
      }
    }
  ],
  "version" : 2
}
